// !$*UTF8*$!
{
	archiveVersion = 1;
	classes = {
	};
	objectVersion = 55;
	objects = {

/* Begin PBXBuildFile section */
		0D46F87E2876A12200C4C773 /* LoginViewModel.swift in Sources */ = {isa = PBXBuildFile; fileRef = 0D46F87D2876A12200C4C773 /* LoginViewModel.swift */; };
		0D46F8802876A47700C4C773 /* TextModel.swift in Sources */ = {isa = PBXBuildFile; fileRef = 0D46F87F2876A47700C4C773 /* TextModel.swift */; };
		0D46F8822876A49E00C4C773 /* TextFieldInteractable.swift in Sources */ = {isa = PBXBuildFile; fileRef = 0D46F8812876A49E00C4C773 /* TextFieldInteractable.swift */; };
		0D46F8842876A4D400C4C773 /* TextInteractor.swift in Sources */ = {isa = PBXBuildFile; fileRef = 0D46F8832876A4D400C4C773 /* TextInteractor.swift */; };
		0D46F8872876A5D400C4C773 /* String+Extension.swift in Sources */ = {isa = PBXBuildFile; fileRef = 0D46F8862876A5D400C4C773 /* String+Extension.swift */; };
		0D46F88C2876C0CF00C4C773 /* Users.swift in Sources */ = {isa = PBXBuildFile; fileRef = 0D46F88B2876C0CF00C4C773 /* Users.swift */; };
		0D46F88F2876C15A00C4C773 /* HomeView.swift in Sources */ = {isa = PBXBuildFile; fileRef = 0D46F88E2876C15A00C4C773 /* HomeView.swift */; };
		0D48658F28811CA30073518C /* GoogleService-Info.plist in Resources */ = {isa = PBXBuildFile; fileRef = 0D48658E28811CA30073518C /* GoogleService-Info.plist */; };
		0D48659228811E8F0073518C /* FirebaseAuth in Frameworks */ = {isa = PBXBuildFile; productRef = 0D48659128811E8F0073518C /* FirebaseAuth */; };
		0D9391812875AA80009C3C40 /* SignupView.swift in Sources */ = {isa = PBXBuildFile; fileRef = 0D9391802875AA80009C3C40 /* SignupView.swift */; };
		0DCC7A0F2876C85800D62B5A /* KeyValue.swift in Sources */ = {isa = PBXBuildFile; fileRef = 0DCC7A0E2876C85800D62B5A /* KeyValue.swift */; };
		0DCC7A122877066400D62B5A /* SignupViewModel.swift in Sources */ = {isa = PBXBuildFile; fileRef = 0DCC7A112877066400D62B5A /* SignupViewModel.swift */; };
		0DE54BC6287546A600B0542A /* LoginSignupApp.swift in Sources */ = {isa = PBXBuildFile; fileRef = 0DE54BC5287546A600B0542A /* LoginSignupApp.swift */; };
		0DE54BC8287546A600B0542A /* LoginView.swift in Sources */ = {isa = PBXBuildFile; fileRef = 0DE54BC7287546A600B0542A /* LoginView.swift */; };
		0DE54BCA287546A800B0542A /* Assets.xcassets in Resources */ = {isa = PBXBuildFile; fileRef = 0DE54BC9287546A800B0542A /* Assets.xcassets */; };
		0DE54BCD287546A800B0542A /* Preview Assets.xcassets in Resources */ = {isa = PBXBuildFile; fileRef = 0DE54BCC287546A800B0542A /* Preview Assets.xcassets */; };
		0DE54BD42875688000B0542A /* Colors.xcassets in Resources */ = {isa = PBXBuildFile; fileRef = 0DE54BD32875688000B0542A /* Colors.xcassets */; };
		0DE54BD7287575DA00B0542A /* TextField.swift in Sources */ = {isa = PBXBuildFile; fileRef = 0DE54BD6287575DA00B0542A /* TextField.swift */; };
		0DE54BDA2875761400B0542A /* Constants.swift in Sources */ = {isa = PBXBuildFile; fileRef = 0DE54BD92875761400B0542A /* Constants.swift */; };
		0DE54BDC287576DA00B0542A /* Colors.swift in Sources */ = {isa = PBXBuildFile; fileRef = 0DE54BDB287576DA00B0542A /* Colors.swift */; };
		0DE54BE02875781F00B0542A /* Image.swift in Sources */ = {isa = PBXBuildFile; fileRef = 0DE54BDF2875781F00B0542A /* Image.swift */; };
/* End PBXBuildFile section */

/* Begin PBXFileReference section */
		0D46F87D2876A12200C4C773 /* LoginViewModel.swift */ = {isa = PBXFileReference; lastKnownFileType = sourcecode.swift; path = LoginViewModel.swift; sourceTree = "<group>"; };
		0D46F87F2876A47700C4C773 /* TextModel.swift */ = {isa = PBXFileReference; lastKnownFileType = sourcecode.swift; path = TextModel.swift; sourceTree = "<group>"; };
		0D46F8812876A49E00C4C773 /* TextFieldInteractable.swift */ = {isa = PBXFileReference; lastKnownFileType = sourcecode.swift; path = TextFieldInteractable.swift; sourceTree = "<group>"; };
		0D46F8832876A4D400C4C773 /* TextInteractor.swift */ = {isa = PBXFileReference; lastKnownFileType = sourcecode.swift; path = TextInteractor.swift; sourceTree = "<group>"; };
		0D46F8862876A5D400C4C773 /* String+Extension.swift */ = {isa = PBXFileReference; lastKnownFileType = sourcecode.swift; path = "String+Extension.swift"; sourceTree = "<group>"; };
		0D46F88B2876C0CF00C4C773 /* Users.swift */ = {isa = PBXFileReference; lastKnownFileType = sourcecode.swift; path = Users.swift; sourceTree = "<group>"; };
		0D46F88E2876C15A00C4C773 /* HomeView.swift */ = {isa = PBXFileReference; lastKnownFileType = sourcecode.swift; path = HomeView.swift; sourceTree = "<group>"; };
		0D48658E28811CA30073518C /* GoogleService-Info.plist */ = {isa = PBXFileReference; fileEncoding = 4; lastKnownFileType = text.plist.xml; path = "GoogleService-Info.plist"; sourceTree = "<group>"; };
		0D9391802875AA80009C3C40 /* SignupView.swift */ = {isa = PBXFileReference; lastKnownFileType = sourcecode.swift; path = SignupView.swift; sourceTree = "<group>"; };
		0DCC7A0E2876C85800D62B5A /* KeyValue.swift */ = {isa = PBXFileReference; lastKnownFileType = sourcecode.swift; path = KeyValue.swift; sourceTree = "<group>"; };
		0DCC7A112877066400D62B5A /* SignupViewModel.swift */ = {isa = PBXFileReference; lastKnownFileType = sourcecode.swift; path = SignupViewModel.swift; sourceTree = "<group>"; };
		0DE54BC2287546A600B0542A /* LoginSignup.app */ = {isa = PBXFileReference; explicitFileType = wrapper.application; includeInIndex = 0; path = LoginSignup.app; sourceTree = BUILT_PRODUCTS_DIR; };
		0DE54BC5287546A600B0542A /* LoginSignupApp.swift */ = {isa = PBXFileReference; lastKnownFileType = sourcecode.swift; path = LoginSignupApp.swift; sourceTree = "<group>"; };
		0DE54BC7287546A600B0542A /* LoginView.swift */ = {isa = PBXFileReference; lastKnownFileType = sourcecode.swift; path = LoginView.swift; sourceTree = "<group>"; };
		0DE54BC9287546A800B0542A /* Assets.xcassets */ = {isa = PBXFileReference; lastKnownFileType = folder.assetcatalog; path = Assets.xcassets; sourceTree = "<group>"; };
		0DE54BCC287546A800B0542A /* Preview Assets.xcassets */ = {isa = PBXFileReference; lastKnownFileType = folder.assetcatalog; path = "Preview Assets.xcassets"; sourceTree = "<group>"; };
		0DE54BD32875688000B0542A /* Colors.xcassets */ = {isa = PBXFileReference; lastKnownFileType = folder.assetcatalog; path = Colors.xcassets; sourceTree = "<group>"; };
		0DE54BD6287575DA00B0542A /* TextField.swift */ = {isa = PBXFileReference; lastKnownFileType = sourcecode.swift; path = TextField.swift; sourceTree = "<group>"; };
		0DE54BD92875761400B0542A /* Constants.swift */ = {isa = PBXFileReference; lastKnownFileType = sourcecode.swift; path = Constants.swift; sourceTree = "<group>"; };
		0DE54BDB287576DA00B0542A /* Colors.swift */ = {isa = PBXFileReference; lastKnownFileType = sourcecode.swift; path = Colors.swift; sourceTree = "<group>"; };
		0DE54BDF2875781F00B0542A /* Image.swift */ = {isa = PBXFileReference; lastKnownFileType = sourcecode.swift; path = Image.swift; sourceTree = "<group>"; };
/* End PBXFileReference section */

/* Begin PBXFrameworksBuildPhase section */
		0DE54BBF287546A600B0542A /* Frameworks */ = {
			isa = PBXFrameworksBuildPhase;
			buildActionMask = 2147483647;
			files = (
				0D48659228811E8F0073518C /* FirebaseAuth in Frameworks */,
			);
			runOnlyForDeploymentPostprocessing = 0;
		};
/* End PBXFrameworksBuildPhase section */

/* Begin PBXGroup section */
		09B0FCAB608229C019EF3D94 /* Pods */ = {
			isa = PBXGroup;
			children = (
			);
			path = Pods;
			sourceTree = "<group>";
		};
		0D46F8792876A0FB00C4C773 /* Module */ = {
			isa = PBXGroup;
			children = (
				0DCC7A102877065000D62B5A /* Register */,
				0D46F88D2876C14D00C4C773 /* Home */,
				0D46F87C2876A10D00C4C773 /* Login */,
			);
			path = Module;
			sourceTree = "<group>";
		};
		0D46F87C2876A10D00C4C773 /* Login */ = {
			isa = PBXGroup;
			children = (
				0DE54BC7287546A600B0542A /* LoginView.swift */,
				0D46F87D2876A12200C4C773 /* LoginViewModel.swift */,
			);
			path = Login;
			sourceTree = "<group>";
		};
		0D46F8852876A5C300C4C773 /* Extension */ = {
			isa = PBXGroup;
			children = (
				0D46F8862876A5D400C4C773 /* String+Extension.swift */,
			);
			path = Extension;
			sourceTree = "<group>";
		};
		0D46F88A2876C0C300C4C773 /* Model */ = {
			isa = PBXGroup;
			children = (
				0D46F88B2876C0CF00C4C773 /* Users.swift */,
			);
			path = Model;
			sourceTree = "<group>";
		};
		0D46F88D2876C14D00C4C773 /* Home */ = {
			isa = PBXGroup;
			children = (
				0D46F88E2876C15A00C4C773 /* HomeView.swift */,
			);
			path = Home;
			sourceTree = "<group>";
		};
		0DCC7A102877065000D62B5A /* Register */ = {
			isa = PBXGroup;
			children = (
				0D9391802875AA80009C3C40 /* SignupView.swift */,
				0DCC7A112877066400D62B5A /* SignupViewModel.swift */,
			);
			path = Register;
			sourceTree = "<group>";
		};
		0DE54BB9287546A600B0542A = {
			isa = PBXGroup;
			children = (
				0D48658E28811CA30073518C /* GoogleService-Info.plist */,
				0DE54BC4287546A600B0542A /* LoginSignup */,
				0DE54BC3287546A600B0542A /* Products */,
				09B0FCAB608229C019EF3D94 /* Pods */,
			);
			sourceTree = "<group>";
		};
		0DE54BC3287546A600B0542A /* Products */ = {
			isa = PBXGroup;
			children = (
				0DE54BC2287546A600B0542A /* LoginSignup.app */,
			);
			name = Products;
			sourceTree = "<group>";
		};
		0DE54BC4287546A600B0542A /* LoginSignup */ = {
			isa = PBXGroup;
			children = (
				0D46F88A2876C0C300C4C773 /* Model */,
				0D46F8852876A5C300C4C773 /* Extension */,
				0D46F8792876A0FB00C4C773 /* Module */,
				0DE54BD82875760800B0542A /* Utils */,
				0DE54BD5287575CD00B0542A /* Customs */,
				0DE54BC5287546A600B0542A /* LoginSignupApp.swift */,
				0DE54BC9287546A800B0542A /* Assets.xcassets */,
				0DE54BCB287546A800B0542A /* Preview Content */,
				0DE54BD32875688000B0542A /* Colors.xcassets */,
			);
			path = LoginSignup;
			sourceTree = "<group>";
		};
		0DE54BCB287546A800B0542A /* Preview Content */ = {
			isa = PBXGroup;
			children = (
				0DE54BCC287546A800B0542A /* Preview Assets.xcassets */,
			);
			path = "Preview Content";
			sourceTree = "<group>";
		};
		0DE54BD5287575CD00B0542A /* Customs */ = {
			isa = PBXGroup;
			children = (
				0DE54BD6287575DA00B0542A /* TextField.swift */,
			);
			path = Customs;
			sourceTree = "<group>";
		};
		0DE54BD82875760800B0542A /* Utils */ = {
			isa = PBXGroup;
			children = (
				0DE54BD92875761400B0542A /* Constants.swift */,
				0DE54BDB287576DA00B0542A /* Colors.swift */,
				0DE54BDF2875781F00B0542A /* Image.swift */,
				0D46F87F2876A47700C4C773 /* TextModel.swift */,
				0D46F8812876A49E00C4C773 /* TextFieldInteractable.swift */,
				0D46F8832876A4D400C4C773 /* TextInteractor.swift */,
				0DCC7A0E2876C85800D62B5A /* KeyValue.swift */,
			);
			path = Utils;
			sourceTree = "<group>";
		};
/* End PBXGroup section */

/* Begin PBXNativeTarget section */
		0DE54BC1287546A600B0542A /* LoginSignup */ = {
			isa = PBXNativeTarget;
			buildConfigurationList = 0DE54BD0287546A800B0542A /* Build configuration list for PBXNativeTarget "LoginSignup" */;
			buildPhases = (
				0DE54BBE287546A600B0542A /* Sources */,
				0DE54BBF287546A600B0542A /* Frameworks */,
				0DE54BC0287546A600B0542A /* Resources */,
			);
			buildRules = (
			);
			dependencies = (
			);
			name = LoginSignup;
			packageProductDependencies = (
				0D48659128811E8F0073518C /* FirebaseAuth */,
			);
			productName = LoginSignup;
			productReference = 0DE54BC2287546A600B0542A /* LoginSignup.app */;
			productType = "com.apple.product-type.application";
		};
/* End PBXNativeTarget section */

/* Begin PBXProject section */
		0DE54BBA287546A600B0542A /* Project object */ = {
			isa = PBXProject;
			attributes = {
				BuildIndependentTargetsInParallel = 1;
				LastSwiftUpdateCheck = 1340;
				LastUpgradeCheck = 1340;
				TargetAttributes = {
					0DE54BC1287546A600B0542A = {
						CreatedOnToolsVersion = 13.4.1;
					};
				};
			};
			buildConfigurationList = 0DE54BBD287546A600B0542A /* Build configuration list for PBXProject "LoginSignup" */;
			compatibilityVersion = "Xcode 13.0";
			developmentRegion = en;
			hasScannedForEncodings = 0;
			knownRegions = (
				en,
				Base,
			);
			mainGroup = 0DE54BB9287546A600B0542A;
			packageReferences = (
				0D48659028811E8F0073518C /* XCRemoteSwiftPackageReference "firebase-ios-sdk" */,
			);
			productRefGroup = 0DE54BC3287546A600B0542A /* Products */;
			projectDirPath = "";
			projectRoot = "";
			targets = (
				0DE54BC1287546A600B0542A /* LoginSignup */,
			);
		};
/* End PBXProject section */

/* Begin PBXResourcesBuildPhase section */
		0DE54BC0287546A600B0542A /* Resources */ = {
			isa = PBXResourcesBuildPhase;
			buildActionMask = 2147483647;
			files = (
				0DE54BD42875688000B0542A /* Colors.xcassets in Resources */,
				0D48658F28811CA30073518C /* GoogleService-Info.plist in Resources */,
				0DE54BCD287546A800B0542A /* Preview Assets.xcassets in Resources */,
				0DE54BCA287546A800B0542A /* Assets.xcassets in Resources */,
			);
			runOnlyForDeploymentPostprocessing = 0;
		};
/* End PBXResourcesBuildPhase section */

/* Begin PBXSourcesBuildPhase section */
		0DE54BBE287546A600B0542A /* Sources */ = {
			isa = PBXSourcesBuildPhase;
			buildActionMask = 2147483647;
			files = (
				0D9391812875AA80009C3C40 /* SignupView.swift in Sources */,
				0DCC7A0F2876C85800D62B5A /* KeyValue.swift in Sources */,
				0DCC7A122877066400D62B5A /* SignupViewModel.swift in Sources */,
				0D46F88F2876C15A00C4C773 /* HomeView.swift in Sources */,
				0D46F8822876A49E00C4C773 /* TextFieldInteractable.swift in Sources */,
				0DE54BD7287575DA00B0542A /* TextField.swift in Sources */,
				0D46F8842876A4D400C4C773 /* TextInteractor.swift in Sources */,
				0D46F8872876A5D400C4C773 /* String+Extension.swift in Sources */,
				0DE54BE02875781F00B0542A /* Image.swift in Sources */,
				0D46F8802876A47700C4C773 /* TextModel.swift in Sources */,
				0DE54BDC287576DA00B0542A /* Colors.swift in Sources */,
				0D46F87E2876A12200C4C773 /* LoginViewModel.swift in Sources */,
				0D46F88C2876C0CF00C4C773 /* Users.swift in Sources */,
				0DE54BC8287546A600B0542A /* LoginView.swift in Sources */,
				0DE54BC6287546A600B0542A /* LoginSignupApp.swift in Sources */,
				0DE54BDA2875761400B0542A /* Constants.swift in Sources */,
			);
			runOnlyForDeploymentPostprocessing = 0;
		};
/* End PBXSourcesBuildPhase section */

/* Begin XCBuildConfiguration section */
		0DE54BCE287546A800B0542A /* Debug */ = {
			isa = XCBuildConfiguration;
			buildSettings = {
				ALWAYS_SEARCH_USER_PATHS = NO;
				CLANG_ANALYZER_NONNULL = YES;
				CLANG_ANALYZER_NUMBER_OBJECT_CONVERSION = YES_AGGRESSIVE;
				CLANG_CXX_LANGUAGE_STANDARD = "gnu++17";
				CLANG_ENABLE_MODULES = YES;
				CLANG_ENABLE_OBJC_ARC = YES;
				CLANG_ENABLE_OBJC_WEAK = YES;
				CLANG_WARN_BLOCK_CAPTURE_AUTORELEASING = YES;
				CLANG_WARN_BOOL_CONVERSION = YES;
				CLANG_WARN_COMMA = YES;
				CLANG_WARN_CONSTANT_CONVERSION = YES;
				CLANG_WARN_DEPRECATED_OBJC_IMPLEMENTATIONS = YES;
				CLANG_WARN_DIRECT_OBJC_ISA_USAGE = YES_ERROR;
				CLANG_WARN_DOCUMENTATION_COMMENTS = YES;
				CLANG_WARN_EMPTY_BODY = YES;
				CLANG_WARN_ENUM_CONVERSION = YES;
				CLANG_WARN_INFINITE_RECURSION = YES;
				CLANG_WARN_INT_CONVERSION = YES;
				CLANG_WARN_NON_LITERAL_NULL_CONVERSION = YES;
				CLANG_WARN_OBJC_IMPLICIT_RETAIN_SELF = YES;
				CLANG_WARN_OBJC_LITERAL_CONVERSION = YES;
				CLANG_WARN_OBJC_ROOT_CLASS = YES_ERROR;
				CLANG_WARN_QUOTED_INCLUDE_IN_FRAMEWORK_HEADER = YES;
				CLANG_WARN_RANGE_LOOP_ANALYSIS = YES;
				CLANG_WARN_STRICT_PROTOTYPES = YES;
				CLANG_WARN_SUSPICIOUS_MOVE = YES;
				CLANG_WARN_UNGUARDED_AVAILABILITY = YES_AGGRESSIVE;
				CLANG_WARN_UNREACHABLE_CODE = YES;
				CLANG_WARN__DUPLICATE_METHOD_MATCH = YES;
				COPY_PHASE_STRIP = NO;
				DEBUG_INFORMATION_FORMAT = dwarf;
				ENABLE_STRICT_OBJC_MSGSEND = YES;
				ENABLE_TESTABILITY = YES;
				GCC_C_LANGUAGE_STANDARD = gnu11;
				GCC_DYNAMIC_NO_PIC = NO;
				GCC_NO_COMMON_BLOCKS = YES;
				GCC_OPTIMIZATION_LEVEL = 0;
				GCC_PREPROCESSOR_DEFINITIONS = (
					"DEBUG=1",
					"$(inherited)",
				);
				GCC_WARN_64_TO_32_BIT_CONVERSION = YES;
				GCC_WARN_ABOUT_RETURN_TYPE = YES_ERROR;
				GCC_WARN_UNDECLARED_SELECTOR = YES;
				GCC_WARN_UNINITIALIZED_AUTOS = YES_AGGRESSIVE;
				GCC_WARN_UNUSED_FUNCTION = YES;
				GCC_WARN_UNUSED_VARIABLE = YES;
				IPHONEOS_DEPLOYMENT_TARGET = 15.5;
				MTL_ENABLE_DEBUG_INFO = INCLUDE_SOURCE;
				MTL_FAST_MATH = YES;
				ONLY_ACTIVE_ARCH = YES;
				SDKROOT = iphoneos;
				SWIFT_ACTIVE_COMPILATION_CONDITIONS = DEBUG;
				SWIFT_OPTIMIZATION_LEVEL = "-Onone";
			};
			name = Debug;
		};
		0DE54BCF287546A800B0542A /* Release */ = {
			isa = XCBuildConfiguration;
			buildSettings = {
				ALWAYS_SEARCH_USER_PATHS = NO;
				CLANG_ANALYZER_NONNULL = YES;
				CLANG_ANALYZER_NUMBER_OBJECT_CONVERSION = YES_AGGRESSIVE;
				CLANG_CXX_LANGUAGE_STANDARD = "gnu++17";
				CLANG_ENABLE_MODULES = YES;
				CLANG_ENABLE_OBJC_ARC = YES;
				CLANG_ENABLE_OBJC_WEAK = YES;
				CLANG_WARN_BLOCK_CAPTURE_AUTORELEASING = YES;
				CLANG_WARN_BOOL_CONVERSION = YES;
				CLANG_WARN_COMMA = YES;
				CLANG_WARN_CONSTANT_CONVERSION = YES;
				CLANG_WARN_DEPRECATED_OBJC_IMPLEMENTATIONS = YES;
				CLANG_WARN_DIRECT_OBJC_ISA_USAGE = YES_ERROR;
				CLANG_WARN_DOCUMENTATION_COMMENTS = YES;
				CLANG_WARN_EMPTY_BODY = YES;
				CLANG_WARN_ENUM_CONVERSION = YES;
				CLANG_WARN_INFINITE_RECURSION = YES;
				CLANG_WARN_INT_CONVERSION = YES;
				CLANG_WARN_NON_LITERAL_NULL_CONVERSION = YES;
				CLANG_WARN_OBJC_IMPLICIT_RETAIN_SELF = YES;
				CLANG_WARN_OBJC_LITERAL_CONVERSION = YES;
				CLANG_WARN_OBJC_ROOT_CLASS = YES_ERROR;
				CLANG_WARN_QUOTED_INCLUDE_IN_FRAMEWORK_HEADER = YES;
				CLANG_WARN_RANGE_LOOP_ANALYSIS = YES;
				CLANG_WARN_STRICT_PROTOTYPES = YES;
				CLANG_WARN_SUSPICIOUS_MOVE = YES;
				CLANG_WARN_UNGUARDED_AVAILABILITY = YES_AGGRESSIVE;
				CLANG_WARN_UNREACHABLE_CODE = YES;
				CLANG_WARN__DUPLICATE_METHOD_MATCH = YES;
				COPY_PHASE_STRIP = NO;
				DEBUG_INFORMATION_FORMAT = "dwarf-with-dsym";
				ENABLE_NS_ASSERTIONS = NO;
				ENABLE_STRICT_OBJC_MSGSEND = YES;
				GCC_C_LANGUAGE_STANDARD = gnu11;
				GCC_NO_COMMON_BLOCKS = YES;
				GCC_WARN_64_TO_32_BIT_CONVERSION = YES;
				GCC_WARN_ABOUT_RETURN_TYPE = YES_ERROR;
				GCC_WARN_UNDECLARED_SELECTOR = YES;
				GCC_WARN_UNINITIALIZED_AUTOS = YES_AGGRESSIVE;
				GCC_WARN_UNUSED_FUNCTION = YES;
				GCC_WARN_UNUSED_VARIABLE = YES;
				IPHONEOS_DEPLOYMENT_TARGET = 15.5;
				MTL_ENABLE_DEBUG_INFO = NO;
				MTL_FAST_MATH = YES;
				SDKROOT = iphoneos;
				SWIFT_COMPILATION_MODE = wholemodule;
				SWIFT_OPTIMIZATION_LEVEL = "-O";
				VALIDATE_PRODUCT = YES;
			};
			name = Release;
		};
		0DE54BD1287546A800B0542A /* Debug */ = {
			isa = XCBuildConfiguration;
			buildSettings = {
				ASSETCATALOG_COMPILER_APPICON_NAME = AppIcon;
				ASSETCATALOG_COMPILER_GLOBAL_ACCENT_COLOR_NAME = AccentColor;
				CODE_SIGN_STYLE = Automatic;
				CURRENT_PROJECT_VERSION = 1;
				DEVELOPMENT_ASSET_PATHS = "\"LoginSignup/Preview Content\"";
				ENABLE_PREVIEWS = YES;
				GENERATE_INFOPLIST_FILE = YES;
				INFOPLIST_KEY_UIApplicationSceneManifest_Generation = YES;
				INFOPLIST_KEY_UIApplicationSupportsIndirectInputEvents = YES;
				INFOPLIST_KEY_UILaunchScreen_Generation = YES;
				INFOPLIST_KEY_UISupportedInterfaceOrientations_iPad = "UIInterfaceOrientationPortrait UIInterfaceOrientationPortraitUpsideDown UIInterfaceOrientationLandscapeLeft UIInterfaceOrientationLandscapeRight";
				INFOPLIST_KEY_UISupportedInterfaceOrientations_iPhone = "UIInterfaceOrientationPortrait UIInterfaceOrientationLandscapeLeft UIInterfaceOrientationLandscapeRight";
				LD_RUNPATH_SEARCH_PATHS = (
					"$(inherited)",
					"@executable_path/Frameworks",
				);
				MARKETING_VERSION = 1.0;
				PRODUCT_BUNDLE_IDENTIFIER = com.user.LoginSignup;
				PRODUCT_NAME = "$(TARGET_NAME)";
				SWIFT_EMIT_LOC_STRINGS = YES;
				SWIFT_VERSION = 5.0;
				TARGETED_DEVICE_FAMILY = "1,2";
			};
			name = Debug;
		};
		0DE54BD2287546A800B0542A /* Release */ = {
			isa = XCBuildConfiguration;
			buildSettings = {
				ASSETCATALOG_COMPILER_APPICON_NAME = AppIcon;
				ASSETCATALOG_COMPILER_GLOBAL_ACCENT_COLOR_NAME = AccentColor;
				CODE_SIGN_STYLE = Automatic;
				CURRENT_PROJECT_VERSION = 1;
				DEVELOPMENT_ASSET_PATHS = "\"LoginSignup/Preview Content\"";
				ENABLE_PREVIEWS = YES;
				GENERATE_INFOPLIST_FILE = YES;
				INFOPLIST_KEY_UIApplicationSceneManifest_Generation = YES;
				INFOPLIST_KEY_UIApplicationSupportsIndirectInputEvents = YES;
				INFOPLIST_KEY_UILaunchScreen_Generation = YES;
				INFOPLIST_KEY_UISupportedInterfaceOrientations_iPad = "UIInterfaceOrientationPortrait UIInterfaceOrientationPortraitUpsideDown UIInterfaceOrientationLandscapeLeft UIInterfaceOrientationLandscapeRight";
				INFOPLIST_KEY_UISupportedInterfaceOrientations_iPhone = "UIInterfaceOrientationPortrait UIInterfaceOrientationLandscapeLeft UIInterfaceOrientationLandscapeRight";
				LD_RUNPATH_SEARCH_PATHS = (
					"$(inherited)",
					"@executable_path/Frameworks",
				);
				MARKETING_VERSION = 1.0;
				PRODUCT_BUNDLE_IDENTIFIER = com.user.LoginSignup;
				PRODUCT_NAME = "$(TARGET_NAME)";
				SWIFT_EMIT_LOC_STRINGS = YES;
				SWIFT_VERSION = 5.0;
				TARGETED_DEVICE_FAMILY = "1,2";
			};
			name = Release;
		};
/* End XCBuildConfiguration section */

/* Begin XCConfigurationList section */
		0DE54BBD287546A600B0542A /* Build configuration list for PBXProject "LoginSignup" */ = {
			isa = XCConfigurationList;
			buildConfigurations = (
				0DE54BCE287546A800B0542A /* Debug */,
				0DE54BCF287546A800B0542A /* Release */,
			);
			defaultConfigurationIsVisible = 0;
			defaultConfigurationName = Release;
		};
		0DE54BD0287546A800B0542A /* Build configuration list for PBXNativeTarget "LoginSignup" */ = {
			isa = XCConfigurationList;
			buildConfigurations = (
				0DE54BD1287546A800B0542A /* Debug */,
				0DE54BD2287546A800B0542A /* Release */,
			);
			defaultConfigurationIsVisible = 0;
			defaultConfigurationName = Release;
		};
/* End XCConfigurationList section */

/* Begin XCRemoteSwiftPackageReference section */
		0D48659028811E8F0073518C /* XCRemoteSwiftPackageReference "firebase-ios-sdk" */ = {
			isa = XCRemoteSwiftPackageReference;
			repositoryURL = "https://github.com/firebase/firebase-ios-sdk";
			requirement = {
				kind = upToNextMajorVersion;
				minimumVersion = 9.0.0;
			};
		};
/* End XCRemoteSwiftPackageReference section */

/* Begin XCSwiftPackageProductDependency section */
		0D48659128811E8F0073518C /* FirebaseAuth */ = {
			isa = XCSwiftPackageProductDependency;
			package = 0D48659028811E8F0073518C /* XCRemoteSwiftPackageReference "firebase-ios-sdk" */;
			productName = FirebaseAuth;
		};
/* End XCSwiftPackageProductDependency section */
	};
	rootObject = 0DE54BBA287546A600B0542A /* Project object */;
}
